
Microsoft Visual Studio Solution File, Format Version 12.00
# Visual Studio Version 17
VisualStudioVersion = 17.13.35825.156 d17.13
MinimumVisualStudioVersion = 10.0.40219.1
Project("{FAE04EC0-301F-11D3-BF4B-00C04F79EFBC}") = "Stak, Queue and Files Task", "Stak, Queue and Files Task.csproj", "{7271E625-9273-4B5C-BDAE-1711DD95BBFE}"
EndProject
Global
	GlobalSection(SolutionConfigurationPlatforms) = preSolution
		Debug|Any CPU = Debug|Any CPU
		Release|Any CPU = Release|Any CPU
	EndGlobalSection
	GlobalSection(ProjectConfigurationPlatforms) = postSolution
		{7271E625-9273-4B5C-BDAE-1711DD95BBFE}.Debug|Any CPU.ActiveCfg = Debug|Any CPU
		{7271E625-9273-4B5C-BDAE-1711DD95BBFE}.Debug|Any CPU.Build.0 = Debug|Any CPU
		{7271E625-9273-4B5C-BDAE-1711DD95BBFE}.Release|Any CPU.ActiveCfg = Release|Any CPU
		{7271E625-9273-4B5C-BDAE-1711DD95BBFE}.Release|Any CPU.Build.0 = Release|Any CPU
	EndGlobalSection
	GlobalSection(SolutionProperties) = preSolution
		HideSolutionNode = FALSE
	EndGlobalSection
	GlobalSection(ExtensibilityGlobals) = postSolution
		SolutionGuid = {1909DECF-AF94-4D0E-9604-B8E96975E1F5}
	EndGlobalSection
EndGlobal
